
Microsoft Visual Studio Solution File, Format Version 12.00
# Visual Studio Version 17
VisualStudioVersion = 17.0.31919.166
MinimumVisualStudioVersion = 10.0.40219.1
Project("{888888A0-9F3D-457C-B088-3A5042F75D52}") = "World statistics", "World statistics.pyproj", "{B6B8117A-4053-43FC-B61D-8D04F7345C14}"
EndProject
Global
	GlobalSection(SolutionConfigurationPlatforms) = preSolution
		Debug|Any CPU = Debug|Any CPU
		Release|Any CPU = Release|Any CPU
	EndGlobalSection
	GlobalSection(ProjectConfigurationPlatforms) = postSolution
		{B6B8117A-4053-43FC-B61D-8D04F7345C14}.Debug|Any CPU.ActiveCfg = Debug|Any CPU
		{B6B8117A-4053-43FC-B61D-8D04F7345C14}.Release|Any CPU.ActiveCfg = Release|Any CPU
	EndGlobalSection
	GlobalSection(SolutionProperties) = preSolution
		HideSolutionNode = FALSE
	EndGlobalSection
	GlobalSection(ExtensibilityGlobals) = postSolution
		SolutionGuid = {BD717E41-B90B-4CB8-A03A-4380C2488959}
	EndGlobalSection
EndGlobal
